
Microsoft Visual Studio Solution File, Format Version 12.00
# Visual Studio 15
VisualStudioVersion = 15.0.27130.2027
MinimumVisualStudioVersion = 10.0.40219.1
Project("{8BC9CEB8-8B4A-11D0-8D11-00A0C91BC942}") = "work9_3", "work9_3\work9_3.vcxproj", "{B010B19D-DE9A-49AC-A914-998346B8B4E6}"
EndProject
Global
	GlobalSection(SolutionConfigurationPlatforms) = preSolution
		Debug|x64 = Debug|x64
		Debug|x86 = Debug|x86
		Release|x64 = Release|x64
		Release|x86 = Release|x86
	EndGlobalSection
	GlobalSection(ProjectConfigurationPlatforms) = postSolution
		{B010B19D-DE9A-49AC-A914-998346B8B4E6}.Debug|x64.ActiveCfg = Debug|x64
		{B010B19D-DE9A-49AC-A914-998346B8B4E6}.Debug|x64.Build.0 = Debug|x64
		{B010B19D-DE9A-49AC-A914-998346B8B4E6}.Debug|x86.ActiveCfg = Debug|Win32
		{B010B19D-DE9A-49AC-A914-998346B8B4E6}.Debug|x86.Build.0 = Debug|Win32
		{B010B19D-DE9A-49AC-A914-998346B8B4E6}.Release|x64.ActiveCfg = Release|x64
		{B010B19D-DE9A-49AC-A914-998346B8B4E6}.Release|x64.Build.0 = Release|x64
		{B010B19D-DE9A-49AC-A914-998346B8B4E6}.Release|x86.ActiveCfg = Release|Win32
		{B010B19D-DE9A-49AC-A914-998346B8B4E6}.Release|x86.Build.0 = Release|Win32
	EndGlobalSection
	GlobalSection(SolutionProperties) = preSolution
		HideSolutionNode = FALSE
	EndGlobalSection
	GlobalSection(ExtensibilityGlobals) = postSolution
		SolutionGuid = {D6699447-73CE-490F-8E98-A51CF0C05B74}
	EndGlobalSection
EndGlobal
